{
  "version": 4,
  "terraform_version": "0.12.6",
  "serial": 23,
  "lineage": "114d8d79-c069-a9e8-5185-1fdec2ce1779",
  "outputs": {
    "vmss_public_ip": {
      "value": "bczmbb.eastus.cloudapp.azure.com",
      "type": "string"
    }
  },
  "resources": [
    {
      "mode": "managed",
      "type": "azurerm_lb",
      "name": "vmss",
      "provider": "provider.azurerm",
      "instances": [
        {
          "schema_version": 0,
          "attributes": {
            "frontend_ip_configuration": [
              {
                "inbound_nat_rules": [],
                "load_balancer_rules": [
                  "/subscriptions/6a47561d-9fe1-414e-85b7-99cd2ce0ce46/resourceGroups/myResourceGroup12/providers/Microsoft.Network/loadBalancers/vmss-lb/loadBalancingRules/http"
                ],
                "name": "PublicIPAddress",
                "outbound_rules": [],
                "private_ip_address": "",
                "private_ip_address_allocation": "Dynamic",
                "public_ip_address_id": "/subscriptions/6a47561d-9fe1-414e-85b7-99cd2ce0ce46/resourceGroups/myResourceGroup12/providers/Microsoft.Network/publicIPAddresses/vmss-public-ip",
                "public_ip_prefix_id": "",
                "subnet_id": "",
                "zones": []
              }
            ],
            "id": "/subscriptions/6a47561d-9fe1-414e-85b7-99cd2ce0ce46/resourceGroups/myResourceGroup12/providers/Microsoft.Network/loadBalancers/vmss-lb",
            "location": "eastus",
            "name": "vmss-lb",
            "private_ip_address": "",
            "private_ip_addresses": [],
            "resource_group_name": "myResourceGroup12",
            "sku": "Basic",
            "tags": {
              "environment": "codelab"
            }
          },
          "private": "bnVsbA==",
          "depends_on": [
            "azurerm_public_ip.vmss",
            "azurerm_resource_group.vmss"
          ]
        }
      ]
    },
    {
      "mode": "managed",
      "type": "azurerm_lb_backend_address_pool",
      "name": "bpepool",
      "provider": "provider.azurerm",
      "instances": [
        {
          "schema_version": 0,
          "attributes": {
            "backend_ip_configurations": [],
            "id": "/subscriptions/6a47561d-9fe1-414e-85b7-99cd2ce0ce46/resourceGroups/myResourceGroup12/providers/Microsoft.Network/loadBalancers/vmss-lb/backendAddressPools/BackEndAddressPool",
            "load_balancing_rules": [
              "/subscriptions/6a47561d-9fe1-414e-85b7-99cd2ce0ce46/resourceGroups/myResourceGroup12/providers/Microsoft.Network/loadBalancers/vmss-lb/loadBalancingRules/http"
            ],
            "loadbalancer_id": "/subscriptions/6a47561d-9fe1-414e-85b7-99cd2ce0ce46/resourceGroups/myResourceGroup12/providers/Microsoft.Network/loadBalancers/vmss-lb",
            "location": null,
            "name": "BackEndAddressPool",
            "resource_group_name": "myResourceGroup12"
          },
          "private": "bnVsbA==",
          "depends_on": [
            "azurerm_lb.vmss",
            "azurerm_resource_group.vmss"
          ]
        }
      ]
    },
    {
      "mode": "managed",
      "type": "azurerm_lb_probe",
      "name": "vmss",
      "provider": "provider.azurerm",
      "instances": [
        {
          "schema_version": 0,
          "attributes": {
            "id": "/subscriptions/6a47561d-9fe1-414e-85b7-99cd2ce0ce46/resourceGroups/myResourceGroup12/providers/Microsoft.Network/loadBalancers/vmss-lb/probes/ssh-running-probe",
            "interval_in_seconds": 15,
            "load_balancer_rules": [
              "/subscriptions/6a47561d-9fe1-414e-85b7-99cd2ce0ce46/resourceGroups/myResourceGroup12/providers/Microsoft.Network/loadBalancers/vmss-lb/loadBalancingRules/http"
            ],
            "loadbalancer_id": "/subscriptions/6a47561d-9fe1-414e-85b7-99cd2ce0ce46/resourceGroups/myResourceGroup12/providers/Microsoft.Network/loadBalancers/vmss-lb",
            "location": null,
            "name": "ssh-running-probe",
            "number_of_probes": 2,
            "port": 22,
            "protocol": "Tcp",
            "request_path": "",
            "resource_group_name": "myResourceGroup12"
          },
          "private": "bnVsbA==",
          "depends_on": [
            "azurerm_lb.vmss",
            "azurerm_resource_group.vmss"
          ]
        }
      ]
    },
    {
      "mode": "managed",
      "type": "azurerm_lb_rule",
      "name": "lbnatrule",
      "provider": "provider.azurerm",
      "instances": [
        {
          "schema_version": 0,
          "attributes": {
            "backend_address_pool_id": "/subscriptions/6a47561d-9fe1-414e-85b7-99cd2ce0ce46/resourceGroups/myResourceGroup12/providers/Microsoft.Network/loadBalancers/vmss-lb/backendAddressPools/BackEndAddressPool",
            "backend_port": 22,
            "disable_outbound_snat": false,
            "enable_floating_ip": false,
            "frontend_ip_configuration_id": "/subscriptions/6a47561d-9fe1-414e-85b7-99cd2ce0ce46/resourceGroups/myResourceGroup12/providers/Microsoft.Network/loadBalancers/vmss-lb/frontendIPConfigurations/PublicIPAddress",
            "frontend_ip_configuration_name": "PublicIPAddress",
            "frontend_port": 22,
            "id": "/subscriptions/6a47561d-9fe1-414e-85b7-99cd2ce0ce46/resourceGroups/myResourceGroup12/providers/Microsoft.Network/loadBalancers/vmss-lb/loadBalancingRules/http",
            "idle_timeout_in_minutes": 4,
            "load_distribution": "Default",
            "loadbalancer_id": "/subscriptions/6a47561d-9fe1-414e-85b7-99cd2ce0ce46/resourceGroups/myResourceGroup12/providers/Microsoft.Network/loadBalancers/vmss-lb",
            "location": null,
            "name": "http",
            "probe_id": "/subscriptions/6a47561d-9fe1-414e-85b7-99cd2ce0ce46/resourceGroups/myResourceGroup12/providers/Microsoft.Network/loadBalancers/vmss-lb/probes/ssh-running-probe",
            "protocol": "Tcp",
            "resource_group_name": "myResourceGroup12"
          }
        }
      ]
    },
    {
      "mode": "managed",
      "type": "azurerm_public_ip",
      "name": "vmss",
      "provider": "provider.azurerm",
      "instances": [
        {
          "schema_version": 0,
          "attributes": {
            "allocation_method": "Static",
            "domain_name_label": "bczmbb",
            "fqdn": "bczmbb.eastus.cloudapp.azure.com",
            "id": "/subscriptions/6a47561d-9fe1-414e-85b7-99cd2ce0ce46/resourceGroups/myResourceGroup12/providers/Microsoft.Network/publicIPAddresses/vmss-public-ip",
            "idle_timeout_in_minutes": 4,
            "ip_address": "40.87.86.208",
            "ip_version": "IPv4",
            "location": "eastus",
            "name": "vmss-public-ip",
            "public_ip_address_allocation": "Static",
            "public_ip_prefix_id": null,
            "resource_group_name": "myResourceGroup12",
            "reverse_fqdn": "",
            "sku": "Basic",
            "tags": {
              "environment": "codelab"
            },
            "zones": []
          },
          "private": "bnVsbA==",
          "depends_on": [
            "azurerm_resource_group.vmss",
            "random_string.fqdn"
          ]
        }
      ]
    },
    {
      "mode": "managed",
      "type": "azurerm_resource_group",
      "name": "vmss",
      "provider": "provider.azurerm",
      "instances": [
        {
          "schema_version": 0,
          "attributes": {
            "id": "/subscriptions/6a47561d-9fe1-414e-85b7-99cd2ce0ce46/resourceGroups/myResourceGroup12",
            "location": "eastus",
            "name": "myResourceGroup12",
            "tags": {
              "environment": "codelab"
            }
          },
          "private": "bnVsbA=="
        }
      ]
    },
    {
      "mode": "managed",
      "type": "azurerm_virtual_machine_scale_set",
      "name": "vmss",
      "provider": "provider.azurerm",
      "instances": []
    },
    {
      "mode": "managed",
      "type": "random_string",
      "name": "fqdn",
      "provider": "provider.random",
      "instances": [
        {
          "schema_version": 1,
          "attributes": {
            "id": "bczmbb",
            "keepers": null,
            "length": 6,
            "lower": true,
            "min_lower": 0,
            "min_numeric": 0,
            "min_special": 0,
            "min_upper": 0,
            "number": false,
            "override_special": null,
            "result": "bczmbb",
            "special": false,
            "upper": false
          }
        }
      ]
    }
  ]
}
